// !$*UTF8*$!
{
	archiveVersion = 1;
	classes = {
	};
	objectVersion = 50;
	objects = {

/* Begin PBXBuildFile section */
		6B390A1F2572FEC2002BD287 /* CustomRangeSeekSlider.swift in Sources */ = {isa = PBXBuildFile; fileRef = 6B390A1E2572FEC2002BD287 /* CustomRangeSeekSlider.swift */; };
		6B390A43257304A8002BD287 /* TapticEngine.swift in Sources */ = {isa = PBXBuildFile; fileRef = 6B390A40257304A8002BD287 /* TapticEngine.swift */; };
		6B390A44257304A8002BD287 /* RangeSeekSliderDelegate.swift in Sources */ = {isa = PBXBuildFile; fileRef = 6B390A41257304A8002BD287 /* RangeSeekSliderDelegate.swift */; };
		6B390A45257304A8002BD287 /* RangeSeekSlider.swift in Sources */ = {isa = PBXBuildFile; fileRef = 6B390A42257304A8002BD287 /* RangeSeekSlider.swift */; };
		6B3B6B062573DAC9004217F6 /* Nexa-Light.otf in Resources */ = {isa = PBXBuildFile; fileRef = 6B3B6B052573DAC9004217F6 /* Nexa-Light.otf */; };
		6B3B6B0E2573E562004217F6 /* IsidoraLight.otf in Resources */ = {isa = PBXBuildFile; fileRef = 6B3B6B0D2573E562004217F6 /* IsidoraLight.otf */; };
		6B40E3262573D20200C4AE8E /* NexaLight.otf in Resources */ = {isa = PBXBuildFile; fileRef = 6B40E3252573D20200C4AE8E /* NexaLight.otf */; };
		6B916ECA2567C4A40090DDFD /* AppDelegate.swift in Sources */ = {isa = PBXBuildFile; fileRef = 6B916EC92567C4A40090DDFD /* AppDelegate.swift */; };
		6B916ECC2567C4A40090DDFD /* SceneDelegate.swift in Sources */ = {isa = PBXBuildFile; fileRef = 6B916ECB2567C4A40090DDFD /* SceneDelegate.swift */; };
		6B916ECE2567C4A40090DDFD /* ViewController.swift in Sources */ = {isa = PBXBuildFile; fileRef = 6B916ECD2567C4A40090DDFD /* ViewController.swift */; };
		6B916ED12567C4A40090DDFD /* Main.storyboard in Resources */ = {isa = PBXBuildFile; fileRef = 6B916ECF2567C4A40090DDFD /* Main.storyboard */; };
		6B916ED32567C4A90090DDFD /* Assets.xcassets in Resources */ = {isa = PBXBuildFile; fileRef = 6B916ED22567C4A90090DDFD /* Assets.xcassets */; };
		6B916ED62567C4A90090DDFD /* LaunchScreen.storyboard in Resources */ = {isa = PBXBuildFile; fileRef = 6B916ED42567C4A90090DDFD /* LaunchScreen.storyboard */; };
		6B916EE12567C4AA0090DDFD /* moviepickerTests.swift in Sources */ = {isa = PBXBuildFile; fileRef = 6B916EE02567C4AA0090DDFD /* moviepickerTests.swift */; };
		6B916EEC2567C4AA0090DDFD /* moviepickerUITests.swift in Sources */ = {isa = PBXBuildFile; fileRef = 6B916EEB2567C4AA0090DDFD /* moviepickerUITests.swift */; };
		6B916F00256A72020090DDFD /* MyTableViewCell.swift in Sources */ = {isa = PBXBuildFile; fileRef = 6B916EFF256A72020090DDFD /* MyTableViewCell.swift */; };
		6B916F08256A9B810090DDFD /* PickClass.swift in Sources */ = {isa = PBXBuildFile; fileRef = 6B916F07256A9B810090DDFD /* PickClass.swift */; };
		6BD1DD0F256BBC9F00511442 /* Localizable.strings in Resources */ = {isa = PBXBuildFile; fileRef = 6BD1DD11256BBC9F00511442 /* Localizable.strings */; };
		700D71EAFBAFA45DBD471869 /* Pods_moviepicker.framework in Frameworks */ = {isa = PBXBuildFile; fileRef = 76924778203876CFFDBEFD99 /* Pods_moviepicker.framework */; };
		B5C2EE263DA691CAB5B5CCA8 /* Pods_moviepicker_moviepickerUITests.framework in Frameworks */ = {isa = PBXBuildFile; fileRef = DD19FB397C36A79C0EB7F4DA /* Pods_moviepicker_moviepickerUITests.framework */; };
		D1166ED0A8BA3F459F0F6A5E /* Pods_moviepickerTests.framework in Frameworks */ = {isa = PBXBuildFile; fileRef = 24401E656F28CCAE57B32953 /* Pods_moviepickerTests.framework */; };
/* End PBXBuildFile section */

/* Begin PBXContainerItemProxy section */
		6B916EDD2567C4AA0090DDFD /* PBXContainerItemProxy */ = {
			isa = PBXContainerItemProxy;
			containerPortal = 6B916EBE2567C4A40090DDFD /* Project object */;
			proxyType = 1;
			remoteGlobalIDString = 6B916EC52567C4A40090DDFD;
			remoteInfo = moviepicker;
		};
		6B916EE82567C4AA0090DDFD /* PBXContainerItemProxy */ = {
			isa = PBXContainerItemProxy;
			containerPortal = 6B916EBE2567C4A40090DDFD /* Project object */;
			proxyType = 1;
			remoteGlobalIDString = 6B916EC52567C4A40090DDFD;
			remoteInfo = moviepicker;
		};
/* End PBXContainerItemProxy section */

/* Begin PBXFileReference section */
		24401E656F28CCAE57B32953 /* Pods_moviepickerTests.framework */ = {isa = PBXFileReference; explicitFileType = wrapper.framework; includeInIndex = 0; path = Pods_moviepickerTests.framework; sourceTree = BUILT_PRODUCTS_DIR; };
		654584E38C2B1C12C8FEBEA5 /* Pods-moviepickerTests.release.xcconfig */ = {isa = PBXFileReference; includeInIndex = 1; lastKnownFileType = text.xcconfig; name = "Pods-moviepickerTests.release.xcconfig"; path = "Target Support Files/Pods-moviepickerTests/Pods-moviepickerTests.release.xcconfig"; sourceTree = "<group>"; };
		6B390A1E2572FEC2002BD287 /* CustomRangeSeekSlider.swift */ = {isa = PBXFileReference; lastKnownFileType = sourcecode.swift; path = CustomRangeSeekSlider.swift; sourceTree = "<group>"; };
		6B390A40257304A8002BD287 /* TapticEngine.swift */ = {isa = PBXFileReference; fileEncoding = 4; lastKnownFileType = sourcecode.swift; path = TapticEngine.swift; sourceTree = "<group>"; };
		6B390A41257304A8002BD287 /* RangeSeekSliderDelegate.swift */ = {isa = PBXFileReference; fileEncoding = 4; lastKnownFileType = sourcecode.swift; path = RangeSeekSliderDelegate.swift; sourceTree = "<group>"; };
		6B390A42257304A8002BD287 /* RangeSeekSlider.swift */ = {isa = PBXFileReference; fileEncoding = 4; lastKnownFileType = sourcecode.swift; path = RangeSeekSlider.swift; sourceTree = "<group>"; };
		6B3B6B052573DAC9004217F6 /* Nexa-Light.otf */ = {isa = PBXFileReference; lastKnownFileType = file; path = "Nexa-Light.otf"; sourceTree = "<group>"; };
		6B3B6B0D2573E562004217F6 /* IsidoraLight.otf */ = {isa = PBXFileReference; lastKnownFileType = file; path = IsidoraLight.otf; sourceTree = "<group>"; };
		6B40E3252573D20200C4AE8E /* NexaLight.otf */ = {isa = PBXFileReference; lastKnownFileType = file; path = NexaLight.otf; sourceTree = "<group>"; };
		6B916EC62567C4A40090DDFD /* moviepicker.app */ = {isa = PBXFileReference; explicitFileType = wrapper.application; includeInIndex = 0; path = moviepicker.app; sourceTree = BUILT_PRODUCTS_DIR; };
		6B916EC92567C4A40090DDFD /* AppDelegate.swift */ = {isa = PBXFileReference; lastKnownFileType = sourcecode.swift; path = AppDelegate.swift; sourceTree = "<group>"; };
		6B916ECB2567C4A40090DDFD /* SceneDelegate.swift */ = {isa = PBXFileReference; lastKnownFileType = sourcecode.swift; path = SceneDelegate.swift; sourceTree = "<group>"; };
		6B916ECD2567C4A40090DDFD /* ViewController.swift */ = {isa = PBXFileReference; lastKnownFileType = sourcecode.swift; path = ViewController.swift; sourceTree = "<group>"; };
		6B916ED02567C4A40090DDFD /* Base */ = {isa = PBXFileReference; lastKnownFileType = file.storyboard; name = Base; path = Base.lproj/Main.storyboard; sourceTree = "<group>"; };
		6B916ED22567C4A90090DDFD /* Assets.xcassets */ = {isa = PBXFileReference; lastKnownFileType = folder.assetcatalog; path = Assets.xcassets; sourceTree = "<group>"; };
		6B916ED52567C4A90090DDFD /* Base */ = {isa = PBXFileReference; lastKnownFileType = file.storyboard; name = Base; path = Base.lproj/LaunchScreen.storyboard; sourceTree = "<group>"; };
		6B916ED72567C4A90090DDFD /* Info.plist */ = {isa = PBXFileReference; lastKnownFileType = text.plist.xml; path = Info.plist; sourceTree = "<group>"; };
		6B916EDC2567C4AA0090DDFD /* moviepickerTests.xctest */ = {isa = PBXFileReference; explicitFileType = wrapper.cfbundle; includeInIndex = 0; path = moviepickerTests.xctest; sourceTree = BUILT_PRODUCTS_DIR; };
		6B916EE02567C4AA0090DDFD /* moviepickerTests.swift */ = {isa = PBXFileReference; lastKnownFileType = sourcecode.swift; path = moviepickerTests.swift; sourceTree = "<group>"; };
		6B916EE22567C4AA0090DDFD /* Info.plist */ = {isa = PBXFileReference; lastKnownFileType = text.plist.xml; path = Info.plist; sourceTree = "<group>"; };
		6B916EE72567C4AA0090DDFD /* moviepickerUITests.xctest */ = {isa = PBXFileReference; explicitFileType = wrapper.cfbundle; includeInIndex = 0; path = moviepickerUITests.xctest; sourceTree = BUILT_PRODUCTS_DIR; };
		6B916EEB2567C4AA0090DDFD /* moviepickerUITests.swift */ = {isa = PBXFileReference; lastKnownFileType = sourcecode.swift; path = moviepickerUITests.swift; sourceTree = "<group>"; };
		6B916EED2567C4AA0090DDFD /* Info.plist */ = {isa = PBXFileReference; lastKnownFileType = text.plist.xml; path = Info.plist; sourceTree = "<group>"; };
		6B916EFF256A72020090DDFD /* MyTableViewCell.swift */ = {isa = PBXFileReference; lastKnownFileType = sourcecode.swift; path = MyTableViewCell.swift; sourceTree = "<group>"; };
		6B916F07256A9B810090DDFD /* PickClass.swift */ = {isa = PBXFileReference; lastKnownFileType = sourcecode.swift; path = PickClass.swift; sourceTree = "<group>"; };
		6BD1DD05256BB8D900511442 /* es */ = {isa = PBXFileReference; lastKnownFileType = text.plist.strings; name = es; path = es.lproj/Main.strings; sourceTree = "<group>"; };
		6BD1DD10256BBC9F00511442 /* en */ = {isa = PBXFileReference; lastKnownFileType = text.plist.strings; name = en; path = en.lproj/Localizable.strings; sourceTree = "<group>"; };
		6BD1DD15256BBCAE00511442 /* es */ = {isa = PBXFileReference; lastKnownFileType = text.plist.strings; name = es; path = es.lproj/Localizable.strings; sourceTree = "<group>"; };
		6BD1DD1A256BCAFE00511442 /* tr */ = {isa = PBXFileReference; lastKnownFileType = text.plist.strings; name = tr; path = tr.lproj/Main.strings; sourceTree = "<group>"; };
		6BD1DD1B256BCAFF00511442 /* tr */ = {isa = PBXFileReference; lastKnownFileType = text.plist.strings; name = tr; path = tr.lproj/LaunchScreen.strings; sourceTree = "<group>"; };
		6BD1DD1C256BCAFF00511442 /* tr */ = {isa = PBXFileReference; lastKnownFileType = text.plist.strings; name = tr; path = tr.lproj/Localizable.strings; sourceTree = "<group>"; };
		76924778203876CFFDBEFD99 /* Pods_moviepicker.framework */ = {isa = PBXFileReference; explicitFileType = wrapper.framework; includeInIndex = 0; path = Pods_moviepicker.framework; sourceTree = BUILT_PRODUCTS_DIR; };
		8E46C6D7DA7DD589F9C1E584 /* Pods-moviepicker-moviepickerUITests.debug.xcconfig */ = {isa = PBXFileReference; includeInIndex = 1; lastKnownFileType = text.xcconfig; name = "Pods-moviepicker-moviepickerUITests.debug.xcconfig"; path = "Target Support Files/Pods-moviepicker-moviepickerUITests/Pods-moviepicker-moviepickerUITests.debug.xcconfig"; sourceTree = "<group>"; };
		9529A9F26087A0094C288380 /* Pods-moviepickerTests.debug.xcconfig */ = {isa = PBXFileReference; includeInIndex = 1; lastKnownFileType = text.xcconfig; name = "Pods-moviepickerTests.debug.xcconfig"; path = "Target Support Files/Pods-moviepickerTests/Pods-moviepickerTests.debug.xcconfig"; sourceTree = "<group>"; };
		A09FD03CD5C2626557D2D25E /* Pods-moviepicker.release.xcconfig */ = {isa = PBXFileReference; includeInIndex = 1; lastKnownFileType = text.xcconfig; name = "Pods-moviepicker.release.xcconfig"; path = "Target Support Files/Pods-moviepicker/Pods-moviepicker.release.xcconfig"; sourceTree = "<group>"; };
		A3CEAB1D0D7CB9F825127D57 /* Pods-moviepicker-moviepickerUITests.release.xcconfig */ = {isa = PBXFileReference; includeInIndex = 1; lastKnownFileType = text.xcconfig; name = "Pods-moviepicker-moviepickerUITests.release.xcconfig"; path = "Target Support Files/Pods-moviepicker-moviepickerUITests/Pods-moviepicker-moviepickerUITests.release.xcconfig"; sourceTree = "<group>"; };
		CF37324EF3C6A12381753FB9 /* Pods-moviepicker.debug.xcconfig */ = {isa = PBXFileReference; includeInIndex = 1; lastKnownFileType = text.xcconfig; name = "Pods-moviepicker.debug.xcconfig"; path = "Target Support Files/Pods-moviepicker/Pods-moviepicker.debug.xcconfig"; sourceTree = "<group>"; };
		DD19FB397C36A79C0EB7F4DA /* Pods_moviepicker_moviepickerUITests.framework */ = {isa = PBXFileReference; explicitFileType = wrapper.framework; includeInIndex = 0; path = Pods_moviepicker_moviepickerUITests.framework; sourceTree = BUILT_PRODUCTS_DIR; };
/* End PBXFileReference section */

/* Begin PBXFrameworksBuildPhase section */
		6B916EC32567C4A40090DDFD /* Frameworks */ = {
			isa = PBXFrameworksBuildPhase;
			buildActionMask = 2147483647;
			files = (
				700D71EAFBAFA45DBD471869 /* Pods_moviepicker.framework in Frameworks */,
			);
			runOnlyForDeploymentPostprocessing = 0;
		};
		6B916ED92567C4AA0090DDFD /* Frameworks */ = {
			isa = PBXFrameworksBuildPhase;
			buildActionMask = 2147483647;
			files = (
				D1166ED0A8BA3F459F0F6A5E /* Pods_moviepickerTests.framework in Frameworks */,
			);
			runOnlyForDeploymentPostprocessing = 0;
		};
		6B916EE42567C4AA0090DDFD /* Frameworks */ = {
			isa = PBXFrameworksBuildPhase;
			buildActionMask = 2147483647;
			files = (
				B5C2EE263DA691CAB5B5CCA8 /* Pods_moviepicker_moviepickerUITests.framework in Frameworks */,
			);
			runOnlyForDeploymentPostprocessing = 0;
		};
/* End PBXFrameworksBuildPhase section */

/* Begin PBXGroup section */
		549A00ED11EB08896FE5F9E4 /* Pods */ = {
			isa = PBXGroup;
			children = (
				CF37324EF3C6A12381753FB9 /* Pods-moviepicker.debug.xcconfig */,
				A09FD03CD5C2626557D2D25E /* Pods-moviepicker.release.xcconfig */,
				8E46C6D7DA7DD589F9C1E584 /* Pods-moviepicker-moviepickerUITests.debug.xcconfig */,
				A3CEAB1D0D7CB9F825127D57 /* Pods-moviepicker-moviepickerUITests.release.xcconfig */,
				9529A9F26087A0094C288380 /* Pods-moviepickerTests.debug.xcconfig */,
				654584E38C2B1C12C8FEBEA5 /* Pods-moviepickerTests.release.xcconfig */,
			);
			path = Pods;
			sourceTree = "<group>";
		};
		62044E5FEBA03CDEEB5C5E71 /* Frameworks */ = {
			isa = PBXGroup;
			children = (
				76924778203876CFFDBEFD99 /* Pods_moviepicker.framework */,
				DD19FB397C36A79C0EB7F4DA /* Pods_moviepicker_moviepickerUITests.framework */,
				24401E656F28CCAE57B32953 /* Pods_moviepickerTests.framework */,
			);
			name = Frameworks;
			sourceTree = "<group>";
		};
		6B390A35257303EA002BD287 /* RangeSlider */ = {
			isa = PBXGroup;
			children = (
				6B390A42257304A8002BD287 /* RangeSeekSlider.swift */,
				6B390A41257304A8002BD287 /* RangeSeekSliderDelegate.swift */,
				6B390A40257304A8002BD287 /* TapticEngine.swift */,
			);
			path = RangeSlider;
			sourceTree = "<group>";
		};
		6B40E3242573D1A600C4AE8E /* Fonts */ = {
			isa = PBXGroup;
			children = (
				6B3B6B0D2573E562004217F6 /* IsidoraLight.otf */,
				6B3B6B052573DAC9004217F6 /* Nexa-Light.otf */,
				6B40E3252573D20200C4AE8E /* NexaLight.otf */,
			);
			path = Fonts;
			sourceTree = "<group>";
		};
		6B916EBD2567C4A40090DDFD = {
			isa = PBXGroup;
			children = (
				6BD1DD11256BBC9F00511442 /* Localizable.strings */,
				6B916EC82567C4A40090DDFD /* moviepicker */,
				6B40E3242573D1A600C4AE8E /* Fonts */,
				6B916EDF2567C4AA0090DDFD /* moviepickerTests */,
				6B916EEA2567C4AA0090DDFD /* moviepickerUITests */,
				6B916EC72567C4A40090DDFD /* Products */,
				549A00ED11EB08896FE5F9E4 /* Pods */,
				62044E5FEBA03CDEEB5C5E71 /* Frameworks */,
			);
			sourceTree = "<group>";
		};
		6B916EC72567C4A40090DDFD /* Products */ = {
			isa = PBXGroup;
			children = (
				6B916EC62567C4A40090DDFD /* moviepicker.app */,
				6B916EDC2567C4AA0090DDFD /* moviepickerTests.xctest */,
				6B916EE72567C4AA0090DDFD /* moviepickerUITests.xctest */,
			);
			name = Products;
			sourceTree = "<group>";
		};
		6B916EC82567C4A40090DDFD /* moviepicker */ = {
			isa = PBXGroup;
			children = (
				6B916EC92567C4A40090DDFD /* AppDelegate.swift */,
				6B916ECB2567C4A40090DDFD /* SceneDelegate.swift */,
				6B916ECD2567C4A40090DDFD /* ViewController.swift */,
				6B916ECF2567C4A40090DDFD /* Main.storyboard */,
				6B916ED22567C4A90090DDFD /* Assets.xcassets */,
				6B916ED42567C4A90090DDFD /* LaunchScreen.storyboard */,
				6B916ED72567C4A90090DDFD /* Info.plist */,
				6B916EFF256A72020090DDFD /* MyTableViewCell.swift */,
				6B916F07256A9B810090DDFD /* PickClass.swift */,
				6B390A1E2572FEC2002BD287 /* CustomRangeSeekSlider.swift */,
				6B390A35257303EA002BD287 /* RangeSlider */,
			);
			path = moviepicker;
			sourceTree = "<group>";
		};
		6B916EDF2567C4AA0090DDFD /* moviepickerTests */ = {
			isa = PBXGroup;
			children = (
				6B916EE02567C4AA0090DDFD /* moviepickerTests.swift */,
				6B916EE22567C4AA0090DDFD /* Info.plist */,
			);
			path = moviepickerTests;
			sourceTree = "<group>";
		};
		6B916EEA2567C4AA0090DDFD /* moviepickerUITests */ = {
			isa = PBXGroup;
			children = (
				6B916EEB2567C4AA0090DDFD /* moviepickerUITests.swift */,
				6B916EED2567C4AA0090DDFD /* Info.plist */,
			);
			path = moviepickerUITests;
			sourceTree = "<group>";
		};
/* End PBXGroup section */

/* Begin PBXNativeTarget section */
		6B916EC52567C4A40090DDFD /* moviepicker */ = {
			isa = PBXNativeTarget;
			buildConfigurationList = 6B916EF02567C4AA0090DDFD /* Build configuration list for PBXNativeTarget "moviepicker" */;
			buildPhases = (
				E267A7E301B9491A4F3F0335 /* [CP] Check Pods Manifest.lock */,
				6B916EC22567C4A40090DDFD /* Sources */,
				6B916EC32567C4A40090DDFD /* Frameworks */,
				6B916EC42567C4A40090DDFD /* Resources */,
			);
			buildRules = (
			);
			dependencies = (
			);
			name = moviepicker;
			productName = moviepicker;
			productReference = 6B916EC62567C4A40090DDFD /* moviepicker.app */;
			productType = "com.apple.product-type.application";
		};
		6B916EDB2567C4AA0090DDFD /* moviepickerTests */ = {
			isa = PBXNativeTarget;
			buildConfigurationList = 6B916EF32567C4AA0090DDFD /* Build configuration list for PBXNativeTarget "moviepickerTests" */;
			buildPhases = (
				889581287CF77543BBBE7FAA /* [CP] Check Pods Manifest.lock */,
				6B916ED82567C4AA0090DDFD /* Sources */,
				6B916ED92567C4AA0090DDFD /* Frameworks */,
				6B916EDA2567C4AA0090DDFD /* Resources */,
			);
			buildRules = (
			);
			dependencies = (
				6B916EDE2567C4AA0090DDFD /* PBXTargetDependency */,
			);
			name = moviepickerTests;
			productName = moviepickerTests;
			productReference = 6B916EDC2567C4AA0090DDFD /* moviepickerTests.xctest */;
			productType = "com.apple.product-type.bundle.unit-test";
		};
		6B916EE62567C4AA0090DDFD /* moviepickerUITests */ = {
			isa = PBXNativeTarget;
			buildConfigurationList = 6B916EF62567C4AA0090DDFD /* Build configuration list for PBXNativeTarget "moviepickerUITests" */;
			buildPhases = (
				0BC491A1F9FC223AB843524F /* [CP] Check Pods Manifest.lock */,
				6B916EE32567C4AA0090DDFD /* Sources */,
				6B916EE42567C4AA0090DDFD /* Frameworks */,
				6B916EE52567C4AA0090DDFD /* Resources */,
			);
			buildRules = (
			);
			dependencies = (
				6B916EE92567C4AA0090DDFD /* PBXTargetDependency */,
			);
			name = moviepickerUITests;
			productName = moviepickerUITests;
			productReference = 6B916EE72567C4AA0090DDFD /* moviepickerUITests.xctest */;
			productType = "com.apple.product-type.bundle.ui-testing";
		};
/* End PBXNativeTarget section */

/* Begin PBXProject section */
		6B916EBE2567C4A40090DDFD /* Project object */ = {
			isa = PBXProject;
			attributes = {
				LastSwiftUpdateCheck = 1200;
				LastUpgradeCheck = 1200;
				TargetAttributes = {
					6B916EC52567C4A40090DDFD = {
						CreatedOnToolsVersion = 12.0.1;
					};
					6B916EDB2567C4AA0090DDFD = {
						CreatedOnToolsVersion = 12.0.1;
						TestTargetID = 6B916EC52567C4A40090DDFD;
					};
					6B916EE62567C4AA0090DDFD = {
						CreatedOnToolsVersion = 12.0.1;
						TestTargetID = 6B916EC52567C4A40090DDFD;
					};
				};
			};
			buildConfigurationList = 6B916EC12567C4A40090DDFD /* Build configuration list for PBXProject "moviepicker" */;
			compatibilityVersion = "Xcode 9.3";
			developmentRegion = en;
			hasScannedForEncodings = 0;
			knownRegions = (
				en,
				Base,
				es,
				tr,
			);
			mainGroup = 6B916EBD2567C4A40090DDFD;
			productRefGroup = 6B916EC72567C4A40090DDFD /* Products */;
			projectDirPath = "";
			projectRoot = "";
			targets = (
				6B916EC52567C4A40090DDFD /* moviepicker */,
				6B916EDB2567C4AA0090DDFD /* moviepickerTests */,
				6B916EE62567C4AA0090DDFD /* moviepickerUITests */,
			);
		};
/* End PBXProject section */

/* Begin PBXResourcesBuildPhase section */
		6B916EC42567C4A40090DDFD /* Resources */ = {
			isa = PBXResourcesBuildPhase;
			buildActionMask = 2147483647;
			files = (
				6B3B6B062573DAC9004217F6 /* Nexa-Light.otf in Resources */,
				6B916ED62567C4A90090DDFD /* LaunchScreen.storyboard in Resources */,
				6BD1DD0F256BBC9F00511442 /* Localizable.strings in Resources */,
				6B40E3262573D20200C4AE8E /* NexaLight.otf in Resources */,
				6B3B6B0E2573E562004217F6 /* IsidoraLight.otf in Resources */,
				6B916ED32567C4A90090DDFD /* Assets.xcassets in Resources */,
				6B916ED12567C4A40090DDFD /* Main.storyboard in Resources */,
			);
			runOnlyForDeploymentPostprocessing = 0;
		};
		6B916EDA2567C4AA0090DDFD /* Resources */ = {
			isa = PBXResourcesBuildPhase;
			buildActionMask = 2147483647;
			files = (
			);
			runOnlyForDeploymentPostprocessing = 0;
		};
		6B916EE52567C4AA0090DDFD /* Resources */ = {
			isa = PBXResourcesBuildPhase;
			buildActionMask = 2147483647;
			files = (
			);
			runOnlyForDeploymentPostprocessing = 0;
		};
/* End PBXResourcesBuildPhase section */

/* Begin PBXShellScriptBuildPhase section */
		0BC491A1F9FC223AB843524F /* [CP] Check Pods Manifest.lock */ = {
			isa = PBXShellScriptBuildPhase;
			buildActionMask = 2147483647;
			files = (
			);
			inputFileListPaths = (
			);
			inputPaths = (
				"${PODS_PODFILE_DIR_PATH}/Podfile.lock",
				"${PODS_ROOT}/Manifest.lock",
			);
			name = "[CP] Check Pods Manifest.lock";
			outputFileListPaths = (
			);
			outputPaths = (
				"$(DERIVED_FILE_DIR)/Pods-moviepicker-moviepickerUITests-checkManifestLockResult.txt",
			);
			runOnlyForDeploymentPostprocessing = 0;
			shellPath = /bin/sh;
			shellScript = "diff \"${PODS_PODFILE_DIR_PATH}/Podfile.lock\" \"${PODS_ROOT}/Manifest.lock\" > /dev/null\nif [ $? != 0 ] ; then\n    # print error to STDERR\n    echo \"error: The sandbox is not in sync with the Podfile.lock. Run 'pod install' or update your CocoaPods installation.\" >&2\n    exit 1\nfi\n# This output is used by Xcode 'outputs' to avoid re-running this script phase.\necho \"SUCCESS\" > \"${SCRIPT_OUTPUT_FILE_0}\"\n";
			showEnvVarsInLog = 0;
		};
		889581287CF77543BBBE7FAA /* [CP] Check Pods Manifest.lock */ = {
			isa = PBXShellScriptBuildPhase;
			buildActionMask = 2147483647;
			files = (
			);
			inputFileListPaths = (
			);
			inputPaths = (
				"${PODS_PODFILE_DIR_PATH}/Podfile.lock",
				"${PODS_ROOT}/Manifest.lock",
			);
			name = "[CP] Check Pods Manifest.lock";
			outputFileListPaths = (
			);
			outputPaths = (
				"$(DERIVED_FILE_DIR)/Pods-moviepickerTests-checkManifestLockResult.txt",
			);
			runOnlyForDeploymentPostprocessing = 0;
			shellPath = /bin/sh;
			shellScript = "diff \"${PODS_PODFILE_DIR_PATH}/Podfile.lock\" \"${PODS_ROOT}/Manifest.lock\" > /dev/null\nif [ $? != 0 ] ; then\n    # print error to STDERR\n    echo \"error: The sandbox is not in sync with the Podfile.lock. Run 'pod install' or update your CocoaPods installation.\" >&2\n    exit 1\nfi\n# This output is used by Xcode 'outputs' to avoid re-running this script phase.\necho \"SUCCESS\" > \"${SCRIPT_OUTPUT_FILE_0}\"\n";
			showEnvVarsInLog = 0;
		};
		E267A7E301B9491A4F3F0335 /* [CP] Check Pods Manifest.lock */ = {
			isa = PBXShellScriptBuildPhase;
			buildActionMask = 2147483647;
			files = (
			);
			inputFileListPaths = (
			);
			inputPaths = (
				"${PODS_PODFILE_DIR_PATH}/Podfile.lock",
				"${PODS_ROOT}/Manifest.lock",
			);
			name = "[CP] Check Pods Manifest.lock";
			outputFileListPaths = (
			);
			outputPaths = (
				"$(DERIVED_FILE_DIR)/Pods-moviepicker-checkManifestLockResult.txt",
			);
			runOnlyForDeploymentPostprocessing = 0;
			shellPath = /bin/sh;
			shellScript = "diff \"${PODS_PODFILE_DIR_PATH}/Podfile.lock\" \"${PODS_ROOT}/Manifest.lock\" > /dev/null\nif [ $? != 0 ] ; then\n    # print error to STDERR\n    echo \"error: The sandbox is not in sync with the Podfile.lock. Run 'pod install' or update your CocoaPods installation.\" >&2\n    exit 1\nfi\n# This output is used by Xcode 'outputs' to avoid re-running this script phase.\necho \"SUCCESS\" > \"${SCRIPT_OUTPUT_FILE_0}\"\n";
			showEnvVarsInLog = 0;
		};
/* End PBXShellScriptBuildPhase section */

/* Begin PBXSourcesBuildPhase section */
		6B916EC22567C4A40090DDFD /* Sources */ = {
			isa = PBXSourcesBuildPhase;
			buildActionMask = 2147483647;
			files = (
				6B390A43257304A8002BD287 /* TapticEngine.swift in Sources */,
				6B916ECE2567C4A40090DDFD /* ViewController.swift in Sources */,
				6B916F00256A72020090DDFD /* MyTableViewCell.swift in Sources */,
				6B390A44257304A8002BD287 /* RangeSeekSliderDelegate.swift in Sources */,
				6B916ECA2567C4A40090DDFD /* AppDelegate.swift in Sources */,
				6B390A45257304A8002BD287 /* RangeSeekSlider.swift in Sources */,
				6B916F08256A9B810090DDFD /* PickClass.swift in Sources */,
				6B916ECC2567C4A40090DDFD /* SceneDelegate.swift in Sources */,
				6B390A1F2572FEC2002BD287 /* CustomRangeSeekSlider.swift in Sources */,
			);
			runOnlyForDeploymentPostprocessing = 0;
		};
		6B916ED82567C4AA0090DDFD /* Sources */ = {
			isa = PBXSourcesBuildPhase;
			buildActionMask = 2147483647;
			files = (
				6B916EE12567C4AA0090DDFD /* moviepickerTests.swift in Sources */,
			);
			runOnlyForDeploymentPostprocessing = 0;
		};
		6B916EE32567C4AA0090DDFD /* Sources */ = {
			isa = PBXSourcesBuildPhase;
			buildActionMask = 2147483647;
			files = (
				6B916EEC2567C4AA0090DDFD /* moviepickerUITests.swift in Sources */,
			);
			runOnlyForDeploymentPostprocessing = 0;
		};
/* End PBXSourcesBuildPhase section */

/* Begin PBXTargetDependency section */
		6B916EDE2567C4AA0090DDFD /* PBXTargetDependency */ = {
			isa = PBXTargetDependency;
			target = 6B916EC52567C4A40090DDFD /* moviepicker */;
			targetProxy = 6B916EDD2567C4AA0090DDFD /* PBXContainerItemProxy */;
		};
		6B916EE92567C4AA0090DDFD /* PBXTargetDependency */ = {
			isa = PBXTargetDependency;
			target = 6B916EC52567C4A40090DDFD /* moviepicker */;
			targetProxy = 6B916EE82567C4AA0090DDFD /* PBXContainerItemProxy */;
		};
/* End PBXTargetDependency section */

/* Begin PBXVariantGroup section */
		6B916ECF2567C4A40090DDFD /* Main.storyboard */ = {
			isa = PBXVariantGroup;
			children = (
				6B916ED02567C4A40090DDFD /* Base */,
				6BD1DD05256BB8D900511442 /* es */,
				6BD1DD1A256BCAFE00511442 /* tr */,
			);
			name = Main.storyboard;
			sourceTree = "<group>";
		};
		6B916ED42567C4A90090DDFD /* LaunchScreen.storyboard */ = {
			isa = PBXVariantGroup;
			children = (
				6B916ED52567C4A90090DDFD /* Base */,
				6BD1DD1B256BCAFF00511442 /* tr */,
			);
			name = LaunchScreen.storyboard;
			sourceTree = "<group>";
		};
		6BD1DD11256BBC9F00511442 /* Localizable.strings */ = {
			isa = PBXVariantGroup;
			children = (
				6BD1DD10256BBC9F00511442 /* en */,
				6BD1DD15256BBCAE00511442 /* es */,
				6BD1DD1C256BCAFF00511442 /* tr */,
			);
			name = Localizable.strings;
			sourceTree = "<group>";
		};
/* End PBXVariantGroup section */

/* Begin XCBuildConfiguration section */
		6B916EEE2567C4AA0090DDFD /* Debug */ = {
			isa = XCBuildConfiguration;
			buildSettings = {
				ALWAYS_SEARCH_USER_PATHS = NO;
				CLANG_ANALYZER_LOCALIZABILITY_NONLOCALIZED = YES;
				CLANG_ANALYZER_NONNULL = YES;
				CLANG_ANALYZER_NUMBER_OBJECT_CONVERSION = YES_AGGRESSIVE;
				CLANG_CXX_LANGUAGE_STANDARD = "gnu++14";
				CLANG_CXX_LIBRARY = "libc++";
				CLANG_ENABLE_MODULES = YES;
				CLANG_ENABLE_OBJC_ARC = YES;
				CLANG_ENABLE_OBJC_WEAK = YES;
				CLANG_WARN_BLOCK_CAPTURE_AUTORELEASING = YES;
				CLANG_WARN_BOOL_CONVERSION = YES;
				CLANG_WARN_COMMA = YES;
				CLANG_WARN_CONSTANT_CONVERSION = YES;
				CLANG_WARN_DEPRECATED_OBJC_IMPLEMENTATIONS = YES;
				CLANG_WARN_DIRECT_OBJC_ISA_USAGE = YES_ERROR;
				CLANG_WARN_DOCUMENTATION_COMMENTS = YES;
				CLANG_WARN_EMPTY_BODY = YES;
				CLANG_WARN_ENUM_CONVERSION = YES;
				CLANG_WARN_INFINITE_RECURSION = YES;
				CLANG_WARN_INT_CONVERSION = YES;
				CLANG_WARN_NON_LITERAL_NULL_CONVERSION = YES;
				CLANG_WARN_OBJC_IMPLICIT_RETAIN_SELF = YES;
				CLANG_WARN_OBJC_LITERAL_CONVERSION = YES;
				CLANG_WARN_OBJC_ROOT_CLASS = YES_ERROR;
				CLANG_WARN_QUOTED_INCLUDE_IN_FRAMEWORK_HEADER = YES;
				CLANG_WARN_RANGE_LOOP_ANALYSIS = YES;
				CLANG_WARN_STRICT_PROTOTYPES = YES;
				CLANG_WARN_SUSPICIOUS_MOVE = YES;
				CLANG_WARN_UNGUARDED_AVAILABILITY = YES_AGGRESSIVE;
				CLANG_WARN_UNREACHABLE_CODE = YES;
				CLANG_WARN__DUPLICATE_METHOD_MATCH = YES;
				COPY_PHASE_STRIP = NO;
				DEBUG_INFORMATION_FORMAT = dwarf;
				ENABLE_STRICT_OBJC_MSGSEND = YES;
				ENABLE_TESTABILITY = YES;
				GCC_C_LANGUAGE_STANDARD = gnu11;
				GCC_DYNAMIC_NO_PIC = NO;
				GCC_NO_COMMON_BLOCKS = YES;
				GCC_OPTIMIZATION_LEVEL = 0;
				GCC_PREPROCESSOR_DEFINITIONS = (
					"DEBUG=1",
					"$(inherited)",
				);
				GCC_WARN_64_TO_32_BIT_CONVERSION = YES;
				GCC_WARN_ABOUT_RETURN_TYPE = YES_ERROR;
				GCC_WARN_UNDECLARED_SELECTOR = YES;
				GCC_WARN_UNINITIALIZED_AUTOS = YES_AGGRESSIVE;
				GCC_WARN_UNUSED_FUNCTION = YES;
				GCC_WARN_UNUSED_VARIABLE = YES;
				IPHONEOS_DEPLOYMENT_TARGET = 14.0;
				MTL_ENABLE_DEBUG_INFO = INCLUDE_SOURCE;
				MTL_FAST_MATH = YES;
				ONLY_ACTIVE_ARCH = YES;
				SDKROOT = iphoneos;
				SWIFT_ACTIVE_COMPILATION_CONDITIONS = DEBUG;
				SWIFT_OPTIMIZATION_LEVEL = "-Onone";
			};
			name = Debug;
		};
		6B916EEF2567C4AA0090DDFD /* Release */ = {
			isa = XCBuildConfiguration;
			buildSettings = {
				ALWAYS_SEARCH_USER_PATHS = NO;
				CLANG_ANALYZER_LOCALIZABILITY_NONLOCALIZED = YES;
				CLANG_ANALYZER_NONNULL = YES;
				CLANG_ANALYZER_NUMBER_OBJECT_CONVERSION = YES_AGGRESSIVE;
				CLANG_CXX_LANGUAGE_STANDARD = "gnu++14";
				CLANG_CXX_LIBRARY = "libc++";
				CLANG_ENABLE_MODULES = YES;
				CLANG_ENABLE_OBJC_ARC = YES;
				CLANG_ENABLE_OBJC_WEAK = YES;
				CLANG_WARN_BLOCK_CAPTURE_AUTORELEASING = YES;
				CLANG_WARN_BOOL_CONVERSION = YES;
				CLANG_WARN_COMMA = YES;
				CLANG_WARN_CONSTANT_CONVERSION = YES;
				CLANG_WARN_DEPRECATED_OBJC_IMPLEMENTATIONS = YES;
				CLANG_WARN_DIRECT_OBJC_ISA_USAGE = YES_ERROR;
				CLANG_WARN_DOCUMENTATION_COMMENTS = YES;
				CLANG_WARN_EMPTY_BODY = YES;
				CLANG_WARN_ENUM_CONVERSION = YES;
				CLANG_WARN_INFINITE_RECURSION = YES;
				CLANG_WARN_INT_CONVERSION = YES;
				CLANG_WARN_NON_LITERAL_NULL_CONVERSION = YES;
				CLANG_WARN_OBJC_IMPLICIT_RETAIN_SELF = YES;
				CLANG_WARN_OBJC_LITERAL_CONVERSION = YES;
				CLANG_WARN_OBJC_ROOT_CLASS = YES_ERROR;
				CLANG_WARN_QUOTED_INCLUDE_IN_FRAMEWORK_HEADER = YES;
				CLANG_WARN_RANGE_LOOP_ANALYSIS = YES;
				CLANG_WARN_STRICT_PROTOTYPES = YES;
				CLANG_WARN_SUSPICIOUS_MOVE = YES;
				CLANG_WARN_UNGUARDED_AVAILABILITY = YES_AGGRESSIVE;
				CLANG_WARN_UNREACHABLE_CODE = YES;
				CLANG_WARN__DUPLICATE_METHOD_MATCH = YES;
				COPY_PHASE_STRIP = NO;
				DEBUG_INFORMATION_FORMAT = "dwarf-with-dsym";
				ENABLE_NS_ASSERTIONS = NO;
				ENABLE_STRICT_OBJC_MSGSEND = YES;
				GCC_C_LANGUAGE_STANDARD = gnu11;
				GCC_NO_COMMON_BLOCKS = YES;
				GCC_WARN_64_TO_32_BIT_CONVERSION = YES;
				GCC_WARN_ABOUT_RETURN_TYPE = YES_ERROR;
				GCC_WARN_UNDECLARED_SELECTOR = YES;
				GCC_WARN_UNINITIALIZED_AUTOS = YES_AGGRESSIVE;
				GCC_WARN_UNUSED_FUNCTION = YES;
				GCC_WARN_UNUSED_VARIABLE = YES;
				IPHONEOS_DEPLOYMENT_TARGET = 14.0;
				MTL_ENABLE_DEBUG_INFO = NO;
				MTL_FAST_MATH = YES;
				SDKROOT = iphoneos;
				SWIFT_COMPILATION_MODE = wholemodule;
				SWIFT_OPTIMIZATION_LEVEL = "-O";
				VALIDATE_PRODUCT = YES;
			};
			name = Release;
		};
		6B916EF12567C4AA0090DDFD /* Debug */ = {
			isa = XCBuildConfiguration;
			baseConfigurationReference = CF37324EF3C6A12381753FB9 /* Pods-moviepicker.debug.xcconfig */;
			buildSettings = {
				ASSETCATALOG_COMPILER_APPICON_NAME = AppIcon;
				ASSETCATALOG_COMPILER_GLOBAL_ACCENT_COLOR_NAME = AccentColor;
				CODE_SIGN_STYLE = Automatic;
				DEVELOPMENT_TEAM = 47CXT9QAGP;
				INFOPLIST_FILE = moviepicker/Info.plist;
				LD_RUNPATH_SEARCH_PATHS = (
					"$(inherited)",
					"@executable_path/Frameworks",
				);
				PRODUCT_BUNDLE_IDENTIFIER = com.kaanb.moviepicker;
				PRODUCT_NAME = "$(TARGET_NAME)";
				SWIFT_VERSION = 5.0;
				TARGETED_DEVICE_FAMILY = "1,2";
			};
			name = Debug;
		};
		6B916EF22567C4AA0090DDFD /* Release */ = {
			isa = XCBuildConfiguration;
			baseConfigurationReference = A09FD03CD5C2626557D2D25E /* Pods-moviepicker.release.xcconfig */;
			buildSettings = {
				ASSETCATALOG_COMPILER_APPICON_NAME = AppIcon;
				ASSETCATALOG_COMPILER_GLOBAL_ACCENT_COLOR_NAME = AccentColor;
				CODE_SIGN_STYLE = Automatic;
				DEVELOPMENT_TEAM = 47CXT9QAGP;
				INFOPLIST_FILE = moviepicker/Info.plist;
				LD_RUNPATH_SEARCH_PATHS = (
					"$(inherited)",
					"@executable_path/Frameworks",
				);
				PRODUCT_BUNDLE_IDENTIFIER = com.kaanb.moviepicker;
				PRODUCT_NAME = "$(TARGET_NAME)";
				SWIFT_VERSION = 5.0;
				TARGETED_DEVICE_FAMILY = "1,2";
			};
			name = Release;
		};
		6B916EF42567C4AA0090DDFD /* Debug */ = {
			isa = XCBuildConfiguration;
			baseConfigurationReference = 9529A9F26087A0094C288380 /* Pods-moviepickerTests.debug.xcconfig */;
			buildSettings = {
				ALWAYS_EMBED_SWIFT_STANDARD_LIBRARIES = YES;
				BUNDLE_LOADER = "$(TEST_HOST)";
				CODE_SIGN_STYLE = Automatic;
				DEVELOPMENT_TEAM = 47CXT9QAGP;
				INFOPLIST_FILE = moviepickerTests/Info.plist;
				IPHONEOS_DEPLOYMENT_TARGET = 14.0;
				LD_RUNPATH_SEARCH_PATHS = (
					"$(inherited)",
					"@executable_path/Frameworks",
					"@loader_path/Frameworks",
				);
				PRODUCT_BUNDLE_IDENTIFIER = com.kaanb.moviepickerTests;
				PRODUCT_NAME = "$(TARGET_NAME)";
				SWIFT_VERSION = 5.0;
				TARGETED_DEVICE_FAMILY = "1,2";
				TEST_HOST = "$(BUILT_PRODUCTS_DIR)/moviepicker.app/moviepicker";
			};
			name = Debug;
		};
		6B916EF52567C4AA0090DDFD /* Release */ = {
			isa = XCBuildConfiguration;
			baseConfigurationReference = 654584E38C2B1C12C8FEBEA5 /* Pods-moviepickerTests.release.xcconfig */;
			buildSettings = {
				ALWAYS_EMBED_SWIFT_STANDARD_LIBRARIES = YES;
				BUNDLE_LOADER = "$(TEST_HOST)";
				CODE_SIGN_STYLE = Automatic;
				DEVELOPMENT_TEAM = 47CXT9QAGP;
				INFOPLIST_FILE = moviepickerTests/Info.plist;
				IPHONEOS_DEPLOYMENT_TARGET = 14.0;
				LD_RUNPATH_SEARCH_PATHS = (
					"$(inherited)",
					"@executable_path/Frameworks",
					"@loader_path/Frameworks",
				);
				PRODUCT_BUNDLE_IDENTIFIER = com.kaanb.moviepickerTests;
				PRODUCT_NAME = "$(TARGET_NAME)";
				SWIFT_VERSION = 5.0;
				TARGETED_DEVICE_FAMILY = "1,2";
				TEST_HOST = "$(BUILT_PRODUCTS_DIR)/moviepicker.app/moviepicker";
			};
			name = Release;
		};
		6B916EF72567C4AA0090DDFD /* Debug */ = {
			isa = XCBuildConfiguration;
			baseConfigurationReference = 8E46C6D7DA7DD589F9C1E584 /* Pods-moviepicker-moviepickerUITests.debug.xcconfig */;
			buildSettings = {
				ALWAYS_EMBED_SWIFT_STANDARD_LIBRARIES = YES;
				CODE_SIGN_STYLE = Automatic;
				DEVELOPMENT_TEAM = 47CXT9QAGP;
				INFOPLIST_FILE = moviepickerUITests/Info.plist;
				LD_RUNPATH_SEARCH_PATHS = (
					"$(inherited)",
					"@executable_path/Frameworks",
					"@loader_path/Frameworks",
				);
				PRODUCT_BUNDLE_IDENTIFIER = com.kaanb.moviepickerUITests;
				PRODUCT_NAME = "$(TARGET_NAME)";
				SWIFT_VERSION = 5.0;
				TARGETED_DEVICE_FAMILY = "1,2";
				TEST_TARGET_NAME = moviepicker;
			};
			name = Debug;
		};
		6B916EF82567C4AA0090DDFD /* Release */ = {
			isa = XCBuildConfiguration;
			baseConfigurationReference = A3CEAB1D0D7CB9F825127D57 /* Pods-moviepicker-moviepickerUITests.release.xcconfig */;
			buildSettings = {
				ALWAYS_EMBED_SWIFT_STANDARD_LIBRARIES = YES;
				CODE_SIGN_STYLE = Automatic;
				DEVELOPMENT_TEAM = 47CXT9QAGP;
				INFOPLIST_FILE = moviepickerUITests/Info.plist;
				LD_RUNPATH_SEARCH_PATHS = (
					"$(inherited)",
					"@executable_path/Frameworks",
					"@loader_path/Frameworks",
				);
				PRODUCT_BUNDLE_IDENTIFIER = com.kaanb.moviepickerUITests;
				PRODUCT_NAME = "$(TARGET_NAME)";
				SWIFT_VERSION = 5.0;
				TARGETED_DEVICE_FAMILY = "1,2";
				TEST_TARGET_NAME = moviepicker;
			};
			name = Release;
		};
/* End XCBuildConfiguration section */

/* Begin XCConfigurationList section */
		6B916EC12567C4A40090DDFD /* Build configuration list for PBXProject "moviepicker" */ = {
			isa = XCConfigurationList;
			buildConfigurations = (
				6B916EEE2567C4AA0090DDFD /* Debug */,
				6B916EEF2567C4AA0090DDFD /* Release */,
			);
			defaultConfigurationIsVisible = 0;
			defaultConfigurationName = Release;
		};
		6B916EF02567C4AA0090DDFD /* Build configuration list for PBXNativeTarget "moviepicker" */ = {
			isa = XCConfigurationList;
			buildConfigurations = (
				6B916EF12567C4AA0090DDFD /* Debug */,
				6B916EF22567C4AA0090DDFD /* Release */,
			);
			defaultConfigurationIsVisible = 0;
			defaultConfigurationName = Release;
		};
		6B916EF32567C4AA0090DDFD /* Build configuration list for PBXNativeTarget "moviepickerTests" */ = {
			isa = XCConfigurationList;
			buildConfigurations = (
				6B916EF42567C4AA0090DDFD /* Debug */,
				6B916EF52567C4AA0090DDFD /* Release */,
			);
			defaultConfigurationIsVisible = 0;
			defaultConfigurationName = Release;
		};
		6B916EF62567C4AA0090DDFD /* Build configuration list for PBXNativeTarget "moviepickerUITests" */ = {
			isa = XCConfigurationList;
			buildConfigurations = (
				6B916EF72567C4AA0090DDFD /* Debug */,
				6B916EF82567C4AA0090DDFD /* Release */,
			);
			defaultConfigurationIsVisible = 0;
			defaultConfigurationName = Release;
		};
/* End XCConfigurationList section */
	};
	rootObject = 6B916EBE2567C4A40090DDFD /* Project object */;
}
